
Microsoft Visual Studio Solution File, Format Version 12.00
# Visual Studio Version 17
VisualStudioVersion = 17.9.34728.123
MinimumVisualStudioVersion = 10.0.40219.1
Project("{FAE04EC0-301F-11D3-BF4B-00C04F79EFBC}") = "SE_Project1", "SE_Project1\SE_Project1.csproj", "{8BDC138A-E531-46A2-A6A4-FF26988AFC90}"
EndProject
Global
	GlobalSection(SolutionConfigurationPlatforms) = preSolution
		Debug|Any CPU = Debug|Any CPU
		Release|Any CPU = Release|Any CPU
	EndGlobalSection
	GlobalSection(ProjectConfigurationPlatforms) = postSolution
		{8BDC138A-E531-46A2-A6A4-FF26988AFC90}.Debug|Any CPU.ActiveCfg = Debug|Any CPU
		{8BDC138A-E531-46A2-A6A4-FF26988AFC90}.Debug|Any CPU.Build.0 = Debug|Any CPU
		{8BDC138A-E531-46A2-A6A4-FF26988AFC90}.Release|Any CPU.ActiveCfg = Release|Any CPU
		{8BDC138A-E531-46A2-A6A4-FF26988AFC90}.Release|Any CPU.Build.0 = Release|Any CPU
	EndGlobalSection
	GlobalSection(SolutionProperties) = preSolution
		HideSolutionNode = FALSE
	EndGlobalSection
	GlobalSection(ExtensibilityGlobals) = postSolution
		SolutionGuid = {43FC84CC-73B4-476F-A4EE-2EF78675C8C1}
	EndGlobalSection
EndGlobal
